// !$*UTF8*$!
{
	archiveVersion = 1;
	classes = {
	};
	objectVersion = 56;
	objects = {

/* Begin PBXBuildFile section */
		312F542E2BDBFB7000A9540D /* ViewModel.swift in Sources */ = {isa = PBXBuildFile; fileRef = 312F542D2BDBFB7000A9540D /* ViewModel.swift */; };
		312F54312BDC097D00A9540D /* NetworkError.swift in Sources */ = {isa = PBXBuildFile; fileRef = 312F54302BDC097D00A9540D /* NetworkError.swift */; };
		312F54332BDC0CAF00A9540D /* PreviewData.swift in Sources */ = {isa = PBXBuildFile; fileRef = 312F54322BDC0CAF00A9540D /* PreviewData.swift */; };
		312F54352BDC0DCD00A9540D /* RickyMorty.json in Resources */ = {isa = PBXBuildFile; fileRef = 312F54342BDC0DCD00A9540D /* RickyMorty.json */; };
		31B854FC2C38A63D001F9E26 /* URL.swift in Sources */ = {isa = PBXBuildFile; fileRef = 31B854FB2C38A63D001F9E26 /* URL.swift */; };
		31B854FE2C38A975001F9E26 /* URLSession.swift in Sources */ = {isa = PBXBuildFile; fileRef = 31B854FD2C38A975001F9E26 /* URLSession.swift */; };
		31B855002C38AD69001F9E26 /* NetworkInteractor.swift in Sources */ = {isa = PBXBuildFile; fileRef = 31B854FF2C38AD69001F9E26 /* NetworkInteractor.swift */; };
		31C2BB1D2BDAAE44000ED8E4 /* RickYMortySergioApp.swift in Sources */ = {isa = PBXBuildFile; fileRef = 31C2BB1C2BDAAE44000ED8E4 /* RickYMortySergioApp.swift */; };
		31C2BB1F2BDAAE44000ED8E4 /* ContentView.swift in Sources */ = {isa = PBXBuildFile; fileRef = 31C2BB1E2BDAAE44000ED8E4 /* ContentView.swift */; };
		31C2BB212BDAAE45000ED8E4 /* Assets.xcassets in Resources */ = {isa = PBXBuildFile; fileRef = 31C2BB202BDAAE45000ED8E4 /* Assets.xcassets */; };
		31C2BB242BDAAE45000ED8E4 /* Preview Assets.xcassets in Resources */ = {isa = PBXBuildFile; fileRef = 31C2BB232BDAAE45000ED8E4 /* Preview Assets.xcassets */; };
		31C2BB2E2BDAAE46000ED8E4 /* RickYMortySergioTests.swift in Sources */ = {isa = PBXBuildFile; fileRef = 31C2BB2D2BDAAE46000ED8E4 /* RickYMortySergioTests.swift */; };
		31C2BB382BDAAE46000ED8E4 /* RickYMortySergioUITests.swift in Sources */ = {isa = PBXBuildFile; fileRef = 31C2BB372BDAAE46000ED8E4 /* RickYMortySergioUITests.swift */; };
		31C2BB3A2BDAAE46000ED8E4 /* RickYMortySergioUITestsLaunchTests.swift in Sources */ = {isa = PBXBuildFile; fileRef = 31C2BB392BDAAE46000ED8E4 /* RickYMortySergioUITestsLaunchTests.swift */; };
		31C2BB4C2BDAAF05000ED8E4 /* CharacterModelDTO.swift in Sources */ = {isa = PBXBuildFile; fileRef = 31C2BB4B2BDAAF05000ED8E4 /* CharacterModelDTO.swift */; };
		31C2BB4E2BDAB366000ED8E4 /* CharacterInteractor.swift in Sources */ = {isa = PBXBuildFile; fileRef = 31C2BB4D2BDAB366000ED8E4 /* CharacterInteractor.swift */; };
/* End PBXBuildFile section */

/* Begin PBXContainerItemProxy section */
		31C2BB2A2BDAAE46000ED8E4 /* PBXContainerItemProxy */ = {
			isa = PBXContainerItemProxy;
			containerPortal = 31C2BB112BDAAE44000ED8E4 /* Project object */;
			proxyType = 1;
			remoteGlobalIDString = 31C2BB182BDAAE44000ED8E4;
			remoteInfo = RickYMortySergio;
		};
		31C2BB342BDAAE46000ED8E4 /* PBXContainerItemProxy */ = {
			isa = PBXContainerItemProxy;
			containerPortal = 31C2BB112BDAAE44000ED8E4 /* Project object */;
			proxyType = 1;
			remoteGlobalIDString = 31C2BB182BDAAE44000ED8E4;
			remoteInfo = RickYMortySergio;
		};
/* End PBXContainerItemProxy section */

/* Begin PBXFileReference section */
		312F542D2BDBFB7000A9540D /* ViewModel.swift */ = {isa = PBXFileReference; lastKnownFileType = sourcecode.swift; path = ViewModel.swift; sourceTree = "<group>"; };
		312F54302BDC097D00A9540D /* NetworkError.swift */ = {isa = PBXFileReference; lastKnownFileType = sourcecode.swift; path = NetworkError.swift; sourceTree = "<group>"; };
		312F54322BDC0CAF00A9540D /* PreviewData.swift */ = {isa = PBXFileReference; lastKnownFileType = sourcecode.swift; path = PreviewData.swift; sourceTree = "<group>"; };
		312F54342BDC0DCD00A9540D /* RickyMorty.json */ = {isa = PBXFileReference; fileEncoding = 4; lastKnownFileType = text.json; path = RickyMorty.json; sourceTree = "<group>"; };
		31B854FB2C38A63D001F9E26 /* URL.swift */ = {isa = PBXFileReference; lastKnownFileType = sourcecode.swift; path = URL.swift; sourceTree = "<group>"; };
		31B854FD2C38A975001F9E26 /* URLSession.swift */ = {isa = PBXFileReference; lastKnownFileType = sourcecode.swift; path = URLSession.swift; sourceTree = "<group>"; };
		31B854FF2C38AD69001F9E26 /* NetworkInteractor.swift */ = {isa = PBXFileReference; lastKnownFileType = sourcecode.swift; path = NetworkInteractor.swift; sourceTree = "<group>"; };
		31C2BB192BDAAE44000ED8E4 /* RickYMortySergio.app */ = {isa = PBXFileReference; explicitFileType = wrapper.application; includeInIndex = 0; path = RickYMortySergio.app; sourceTree = BUILT_PRODUCTS_DIR; };
		31C2BB1C2BDAAE44000ED8E4 /* RickYMortySergioApp.swift */ = {isa = PBXFileReference; lastKnownFileType = sourcecode.swift; path = RickYMortySergioApp.swift; sourceTree = "<group>"; };
		31C2BB1E2BDAAE44000ED8E4 /* ContentView.swift */ = {isa = PBXFileReference; lastKnownFileType = sourcecode.swift; path = ContentView.swift; sourceTree = "<group>"; };
		31C2BB202BDAAE45000ED8E4 /* Assets.xcassets */ = {isa = PBXFileReference; lastKnownFileType = folder.assetcatalog; path = Assets.xcassets; sourceTree = "<group>"; };
		31C2BB232BDAAE45000ED8E4 /* Preview Assets.xcassets */ = {isa = PBXFileReference; lastKnownFileType = folder.assetcatalog; path = "Preview Assets.xcassets"; sourceTree = "<group>"; };
		31C2BB292BDAAE46000ED8E4 /* RickYMortySergioTests.xctest */ = {isa = PBXFileReference; explicitFileType = wrapper.cfbundle; includeInIndex = 0; path = RickYMortySergioTests.xctest; sourceTree = BUILT_PRODUCTS_DIR; };
		31C2BB2D2BDAAE46000ED8E4 /* RickYMortySergioTests.swift */ = {isa = PBXFileReference; lastKnownFileType = sourcecode.swift; path = RickYMortySergioTests.swift; sourceTree = "<group>"; };
		31C2BB332BDAAE46000ED8E4 /* RickYMortySergioUITests.xctest */ = {isa = PBXFileReference; explicitFileType = wrapper.cfbundle; includeInIndex = 0; path = RickYMortySergioUITests.xctest; sourceTree = BUILT_PRODUCTS_DIR; };
		31C2BB372BDAAE46000ED8E4 /* RickYMortySergioUITests.swift */ = {isa = PBXFileReference; lastKnownFileType = sourcecode.swift; path = RickYMortySergioUITests.swift; sourceTree = "<group>"; };
		31C2BB392BDAAE46000ED8E4 /* RickYMortySergioUITestsLaunchTests.swift */ = {isa = PBXFileReference; lastKnownFileType = sourcecode.swift; path = RickYMortySergioUITestsLaunchTests.swift; sourceTree = "<group>"; };
		31C2BB4B2BDAAF05000ED8E4 /* CharacterModelDTO.swift */ = {isa = PBXFileReference; lastKnownFileType = sourcecode.swift; path = CharacterModelDTO.swift; sourceTree = "<group>"; };
		31C2BB4D2BDAB366000ED8E4 /* CharacterInteractor.swift */ = {isa = PBXFileReference; lastKnownFileType = sourcecode.swift; path = CharacterInteractor.swift; sourceTree = "<group>"; };
/* End PBXFileReference section */

/* Begin PBXFrameworksBuildPhase section */
		31C2BB162BDAAE44000ED8E4 /* Frameworks */ = {
			isa = PBXFrameworksBuildPhase;
			buildActionMask = 2147483647;
			files = (
			);
			runOnlyForDeploymentPostprocessing = 0;
		};
		31C2BB262BDAAE46000ED8E4 /* Frameworks */ = {
			isa = PBXFrameworksBuildPhase;
			buildActionMask = 2147483647;
			files = (
			);
			runOnlyForDeploymentPostprocessing = 0;
		};
		31C2BB302BDAAE46000ED8E4 /* Frameworks */ = {
			isa = PBXFrameworksBuildPhase;
			buildActionMask = 2147483647;
			files = (
			);
			runOnlyForDeploymentPostprocessing = 0;
		};
/* End PBXFrameworksBuildPhase section */

/* Begin PBXGroup section */
		312F542F2BDC097000A9540D /* Interface */ = {
			isa = PBXGroup;
			children = (
				312F54302BDC097D00A9540D /* NetworkError.swift */,
			);
			name = Interface;
			sourceTree = "<group>";
		};
		31C2BB102BDAAE44000ED8E4 = {
			isa = PBXGroup;
			children = (
				31C2BB1B2BDAAE44000ED8E4 /* RickYMortySergio */,
				31C2BB2C2BDAAE46000ED8E4 /* RickYMortySergioTests */,
				31C2BB362BDAAE46000ED8E4 /* RickYMortySergioUITests */,
				31C2BB1A2BDAAE44000ED8E4 /* Products */,
			);
			sourceTree = "<group>";
		};
		31C2BB1A2BDAAE44000ED8E4 /* Products */ = {
			isa = PBXGroup;
			children = (
				31C2BB192BDAAE44000ED8E4 /* RickYMortySergio.app */,
				31C2BB292BDAAE46000ED8E4 /* RickYMortySergioTests.xctest */,
				31C2BB332BDAAE46000ED8E4 /* RickYMortySergioUITests.xctest */,
			);
			name = Products;
			sourceTree = "<group>";
		};
		31C2BB1B2BDAAE44000ED8E4 /* RickYMortySergio */ = {
			isa = PBXGroup;
			children = (
				31C2BB1E2BDAAE44000ED8E4 /* ContentView.swift */,
				31C2BB492BDAAE7A000ED8E4 /* View Model */,
				31C2BB4F2BDABF56000ED8E4 /* Interface */,
				31C2BB482BDAAE70000ED8E4 /* Interactor */,
				312F542F2BDC097000A9540D /* Interface */,
				31C2BB472BDAAE61000ED8E4 /* Model */,
				31C2BB462BDAAE54000ED8E4 /* System */,
				31C2BB4A2BDAAEAE000ED8E4 /* Resources */,
				31C2BB222BDAAE45000ED8E4 /* Preview Content */,
			);
			path = RickYMortySergio;
			sourceTree = "<group>";
		};
		31C2BB222BDAAE45000ED8E4 /* Preview Content */ = {
			isa = PBXGroup;
			children = (
				31C2BB232BDAAE45000ED8E4 /* Preview Assets.xcassets */,
				312F54342BDC0DCD00A9540D /* RickyMorty.json */,
				312F54322BDC0CAF00A9540D /* PreviewData.swift */,
			);
			path = "Preview Content";
			sourceTree = "<group>";
		};
		31C2BB2C2BDAAE46000ED8E4 /* RickYMortySergioTests */ = {
			isa = PBXGroup;
			children = (
				31C2BB2D2BDAAE46000ED8E4 /* RickYMortySergioTests.swift */,
			);
			path = RickYMortySergioTests;
			sourceTree = "<group>";
		};
		31C2BB362BDAAE46000ED8E4 /* RickYMortySergioUITests */ = {
			isa = PBXGroup;
			children = (
				31C2BB372BDAAE46000ED8E4 /* RickYMortySergioUITests.swift */,
				31C2BB392BDAAE46000ED8E4 /* RickYMortySergioUITestsLaunchTests.swift */,
			);
			path = RickYMortySergioUITests;
			sourceTree = "<group>";
		};
		31C2BB462BDAAE54000ED8E4 /* System */ = {
			isa = PBXGroup;
			children = (
				31C2BB1C2BDAAE44000ED8E4 /* RickYMortySergioApp.swift */,
			);
			name = System;
			sourceTree = "<group>";
		};
		31C2BB472BDAAE61000ED8E4 /* Model */ = {
			isa = PBXGroup;
			children = (
				31C2BB4B2BDAAF05000ED8E4 /* CharacterModelDTO.swift */,
			);
			name = Model;
			sourceTree = "<group>";
		};
		31C2BB482BDAAE70000ED8E4 /* Interactor */ = {
			isa = PBXGroup;
			children = (
				31C2BB4D2BDAB366000ED8E4 /* CharacterInteractor.swift */,
				31B854FB2C38A63D001F9E26 /* URL.swift */,
				31B854FD2C38A975001F9E26 /* URLSession.swift */,
				31B854FF2C38AD69001F9E26 /* NetworkInteractor.swift */,
			);
			name = Interactor;
			sourceTree = "<group>";
		};
		31C2BB492BDAAE7A000ED8E4 /* View Model */ = {
			isa = PBXGroup;
			children = (
				312F542D2BDBFB7000A9540D /* ViewModel.swift */,
			);
			name = "View Model";
			sourceTree = "<group>";
		};
		31C2BB4A2BDAAEAE000ED8E4 /* Resources */ = {
			isa = PBXGroup;
			children = (
				31C2BB202BDAAE45000ED8E4 /* Assets.xcassets */,
			);
			name = Resources;
			sourceTree = "<group>";
		};
		31C2BB4F2BDABF56000ED8E4 /* Interface */ = {
			isa = PBXGroup;
			children = (
			);
			name = Interface;
			sourceTree = "<group>";
		};
/* End PBXGroup section */

/* Begin PBXNativeTarget section */
		31C2BB182BDAAE44000ED8E4 /* RickYMortySergio */ = {
			isa = PBXNativeTarget;
			buildConfigurationList = 31C2BB3D2BDAAE46000ED8E4 /* Build configuration list for PBXNativeTarget "RickYMortySergio" */;
			buildPhases = (
				31C2BB152BDAAE44000ED8E4 /* Sources */,
				31C2BB162BDAAE44000ED8E4 /* Frameworks */,
				31C2BB172BDAAE44000ED8E4 /* Resources */,
			);
			buildRules = (
			);
			dependencies = (
			);
			name = RickYMortySergio;
			productName = RickYMortySergio;
			productReference = 31C2BB192BDAAE44000ED8E4 /* RickYMortySergio.app */;
			productType = "com.apple.product-type.application";
		};
		31C2BB282BDAAE46000ED8E4 /* RickYMortySergioTests */ = {
			isa = PBXNativeTarget;
			buildConfigurationList = 31C2BB402BDAAE46000ED8E4 /* Build configuration list for PBXNativeTarget "RickYMortySergioTests" */;
			buildPhases = (
				31C2BB252BDAAE46000ED8E4 /* Sources */,
				31C2BB262BDAAE46000ED8E4 /* Frameworks */,
				31C2BB272BDAAE46000ED8E4 /* Resources */,
			);
			buildRules = (
			);
			dependencies = (
				31C2BB2B2BDAAE46000ED8E4 /* PBXTargetDependency */,
			);
			name = RickYMortySergioTests;
			productName = RickYMortySergioTests;
			productReference = 31C2BB292BDAAE46000ED8E4 /* RickYMortySergioTests.xctest */;
			productType = "com.apple.product-type.bundle.unit-test";
		};
		31C2BB322BDAAE46000ED8E4 /* RickYMortySergioUITests */ = {
			isa = PBXNativeTarget;
			buildConfigurationList = 31C2BB432BDAAE46000ED8E4 /* Build configuration list for PBXNativeTarget "RickYMortySergioUITests" */;
			buildPhases = (
				31C2BB2F2BDAAE46000ED8E4 /* Sources */,
				31C2BB302BDAAE46000ED8E4 /* Frameworks */,
				31C2BB312BDAAE46000ED8E4 /* Resources */,
			);
			buildRules = (
			);
			dependencies = (
				31C2BB352BDAAE46000ED8E4 /* PBXTargetDependency */,
			);
			name = RickYMortySergioUITests;
			productName = RickYMortySergioUITests;
			productReference = 31C2BB332BDAAE46000ED8E4 /* RickYMortySergioUITests.xctest */;
			productType = "com.apple.product-type.bundle.ui-testing";
		};
/* End PBXNativeTarget section */

/* Begin PBXProject section */
		31C2BB112BDAAE44000ED8E4 /* Project object */ = {
			isa = PBXProject;
			attributes = {
				BuildIndependentTargetsInParallel = 1;
				LastSwiftUpdateCheck = 1530;
				LastUpgradeCheck = 1530;
				TargetAttributes = {
					31C2BB182BDAAE44000ED8E4 = {
						CreatedOnToolsVersion = 15.3;
					};
					31C2BB282BDAAE46000ED8E4 = {
						CreatedOnToolsVersion = 15.3;
						TestTargetID = 31C2BB182BDAAE44000ED8E4;
					};
					31C2BB322BDAAE46000ED8E4 = {
						CreatedOnToolsVersion = 15.3;
						TestTargetID = 31C2BB182BDAAE44000ED8E4;
					};
				};
			};
			buildConfigurationList = 31C2BB142BDAAE44000ED8E4 /* Build configuration list for PBXProject "RickYMortySergio" */;
			compatibilityVersion = "Xcode 14.0";
			developmentRegion = en;
			hasScannedForEncodings = 0;
			knownRegions = (
				en,
				Base,
			);
			mainGroup = 31C2BB102BDAAE44000ED8E4;
			productRefGroup = 31C2BB1A2BDAAE44000ED8E4 /* Products */;
			projectDirPath = "";
			projectRoot = "";
			targets = (
				31C2BB182BDAAE44000ED8E4 /* RickYMortySergio */,
				31C2BB282BDAAE46000ED8E4 /* RickYMortySergioTests */,
				31C2BB322BDAAE46000ED8E4 /* RickYMortySergioUITests */,
			);
		};
/* End PBXProject section */

/* Begin PBXResourcesBuildPhase section */
		31C2BB172BDAAE44000ED8E4 /* Resources */ = {
			isa = PBXResourcesBuildPhase;
			buildActionMask = 2147483647;
			files = (
				31C2BB242BDAAE45000ED8E4 /* Preview Assets.xcassets in Resources */,
				312F54352BDC0DCD00A9540D /* RickyMorty.json in Resources */,
				31C2BB212BDAAE45000ED8E4 /* Assets.xcassets in Resources */,
			);
			runOnlyForDeploymentPostprocessing = 0;
		};
		31C2BB272BDAAE46000ED8E4 /* Resources */ = {
			isa = PBXResourcesBuildPhase;
			buildActionMask = 2147483647;
			files = (
			);
			runOnlyForDeploymentPostprocessing = 0;
		};
		31C2BB312BDAAE46000ED8E4 /* Resources */ = {
			isa = PBXResourcesBuildPhase;
			buildActionMask = 2147483647;
			files = (
			);
			runOnlyForDeploymentPostprocessing = 0;
		};
/* End PBXResourcesBuildPhase section */

/* Begin PBXSourcesBuildPhase section */
		31C2BB152BDAAE44000ED8E4 /* Sources */ = {
			isa = PBXSourcesBuildPhase;
			buildActionMask = 2147483647;
			files = (
				312F542E2BDBFB7000A9540D /* ViewModel.swift in Sources */,
				31C2BB4E2BDAB366000ED8E4 /* CharacterInteractor.swift in Sources */,
				31C2BB4C2BDAAF05000ED8E4 /* CharacterModelDTO.swift in Sources */,
				312F54312BDC097D00A9540D /* NetworkError.swift in Sources */,
				312F54332BDC0CAF00A9540D /* PreviewData.swift in Sources */,
				31B854FE2C38A975001F9E26 /* URLSession.swift in Sources */,
				31C2BB1F2BDAAE44000ED8E4 /* ContentView.swift in Sources */,
				31B855002C38AD69001F9E26 /* NetworkInteractor.swift in Sources */,
				31C2BB1D2BDAAE44000ED8E4 /* RickYMortySergioApp.swift in Sources */,
				31B854FC2C38A63D001F9E26 /* URL.swift in Sources */,
			);
			runOnlyForDeploymentPostprocessing = 0;
		};
		31C2BB252BDAAE46000ED8E4 /* Sources */ = {
			isa = PBXSourcesBuildPhase;
			buildActionMask = 2147483647;
			files = (
				31C2BB2E2BDAAE46000ED8E4 /* RickYMortySergioTests.swift in Sources */,
			);
			runOnlyForDeploymentPostprocessing = 0;
		};
		31C2BB2F2BDAAE46000ED8E4 /* Sources */ = {
			isa = PBXSourcesBuildPhase;
			buildActionMask = 2147483647;
			files = (
				31C2BB3A2BDAAE46000ED8E4 /* RickYMortySergioUITestsLaunchTests.swift in Sources */,
				31C2BB382BDAAE46000ED8E4 /* RickYMortySergioUITests.swift in Sources */,
			);
			runOnlyForDeploymentPostprocessing = 0;
		};
/* End PBXSourcesBuildPhase section */

/* Begin PBXTargetDependency section */
		31C2BB2B2BDAAE46000ED8E4 /* PBXTargetDependency */ = {
			isa = PBXTargetDependency;
			target = 31C2BB182BDAAE44000ED8E4 /* RickYMortySergio */;
			targetProxy = 31C2BB2A2BDAAE46000ED8E4 /* PBXContainerItemProxy */;
		};
		31C2BB352BDAAE46000ED8E4 /* PBXTargetDependency */ = {
			isa = PBXTargetDependency;
			target = 31C2BB182BDAAE44000ED8E4 /* RickYMortySergio */;
			targetProxy = 31C2BB342BDAAE46000ED8E4 /* PBXContainerItemProxy */;
		};
/* End PBXTargetDependency section */

/* Begin XCBuildConfiguration section */
		31C2BB3B2BDAAE46000ED8E4 /* Debug */ = {
			isa = XCBuildConfiguration;
			buildSettings = {
				ALWAYS_SEARCH_USER_PATHS = NO;
				ASSETCATALOG_COMPILER_GENERATE_SWIFT_ASSET_SYMBOL_EXTENSIONS = YES;
				CLANG_ANALYZER_NONNULL = YES;
				CLANG_ANALYZER_NUMBER_OBJECT_CONVERSION = YES_AGGRESSIVE;
				CLANG_CXX_LANGUAGE_STANDARD = "gnu++20";
				CLANG_ENABLE_MODULES = YES;
				CLANG_ENABLE_OBJC_ARC = YES;
				CLANG_ENABLE_OBJC_WEAK = YES;
				CLANG_WARN_BLOCK_CAPTURE_AUTORELEASING = YES;
				CLANG_WARN_BOOL_CONVERSION = YES;
				CLANG_WARN_COMMA = YES;
				CLANG_WARN_CONSTANT_CONVERSION = YES;
				CLANG_WARN_DEPRECATED_OBJC_IMPLEMENTATIONS = YES;
				CLANG_WARN_DIRECT_OBJC_ISA_USAGE = YES_ERROR;
				CLANG_WARN_DOCUMENTATION_COMMENTS = YES;
				CLANG_WARN_EMPTY_BODY = YES;
				CLANG_WARN_ENUM_CONVERSION = YES;
				CLANG_WARN_INFINITE_RECURSION = YES;
				CLANG_WARN_INT_CONVERSION = YES;
				CLANG_WARN_NON_LITERAL_NULL_CONVERSION = YES;
				CLANG_WARN_OBJC_IMPLICIT_RETAIN_SELF = YES;
				CLANG_WARN_OBJC_LITERAL_CONVERSION = YES;
				CLANG_WARN_OBJC_ROOT_CLASS = YES_ERROR;
				CLANG_WARN_QUOTED_INCLUDE_IN_FRAMEWORK_HEADER = YES;
				CLANG_WARN_RANGE_LOOP_ANALYSIS = YES;
				CLANG_WARN_STRICT_PROTOTYPES = YES;
				CLANG_WARN_SUSPICIOUS_MOVE = YES;
				CLANG_WARN_UNGUARDED_AVAILABILITY = YES_AGGRESSIVE;
				CLANG_WARN_UNREACHABLE_CODE = YES;
				CLANG_WARN__DUPLICATE_METHOD_MATCH = YES;
				COPY_PHASE_STRIP = NO;
				DEBUG_INFORMATION_FORMAT = dwarf;
				ENABLE_STRICT_OBJC_MSGSEND = YES;
				ENABLE_TESTABILITY = YES;
				ENABLE_USER_SCRIPT_SANDBOXING = YES;
				GCC_C_LANGUAGE_STANDARD = gnu17;
				GCC_DYNAMIC_NO_PIC = NO;
				GCC_NO_COMMON_BLOCKS = YES;
				GCC_OPTIMIZATION_LEVEL = 0;
				GCC_PREPROCESSOR_DEFINITIONS = (
					"DEBUG=1",
					"$(inherited)",
				);
				GCC_WARN_64_TO_32_BIT_CONVERSION = YES;
				GCC_WARN_ABOUT_RETURN_TYPE = YES_ERROR;
				GCC_WARN_UNDECLARED_SELECTOR = YES;
				GCC_WARN_UNINITIALIZED_AUTOS = YES_AGGRESSIVE;
				GCC_WARN_UNUSED_FUNCTION = YES;
				GCC_WARN_UNUSED_VARIABLE = YES;
				IPHONEOS_DEPLOYMENT_TARGET = 17.4;
				LOCALIZATION_PREFERS_STRING_CATALOGS = YES;
				MTL_ENABLE_DEBUG_INFO = INCLUDE_SOURCE;
				MTL_FAST_MATH = YES;
				ONLY_ACTIVE_ARCH = YES;
				SDKROOT = iphoneos;
				SWIFT_ACTIVE_COMPILATION_CONDITIONS = "DEBUG $(inherited)";
				SWIFT_OPTIMIZATION_LEVEL = "-Onone";
			};
			name = Debug;
		};
		31C2BB3C2BDAAE46000ED8E4 /* Release */ = {
			isa = XCBuildConfiguration;
			buildSettings = {
				ALWAYS_SEARCH_USER_PATHS = NO;
				ASSETCATALOG_COMPILER_GENERATE_SWIFT_ASSET_SYMBOL_EXTENSIONS = YES;
				CLANG_ANALYZER_NONNULL = YES;
				CLANG_ANALYZER_NUMBER_OBJECT_CONVERSION = YES_AGGRESSIVE;
				CLANG_CXX_LANGUAGE_STANDARD = "gnu++20";
				CLANG_ENABLE_MODULES = YES;
				CLANG_ENABLE_OBJC_ARC = YES;
				CLANG_ENABLE_OBJC_WEAK = YES;
				CLANG_WARN_BLOCK_CAPTURE_AUTORELEASING = YES;
				CLANG_WARN_BOOL_CONVERSION = YES;
				CLANG_WARN_COMMA = YES;
				CLANG_WARN_CONSTANT_CONVERSION = YES;
				CLANG_WARN_DEPRECATED_OBJC_IMPLEMENTATIONS = YES;
				CLANG_WARN_DIRECT_OBJC_ISA_USAGE = YES_ERROR;
				CLANG_WARN_DOCUMENTATION_COMMENTS = YES;
				CLANG_WARN_EMPTY_BODY = YES;
				CLANG_WARN_ENUM_CONVERSION = YES;
				CLANG_WARN_INFINITE_RECURSION = YES;
				CLANG_WARN_INT_CONVERSION = YES;
				CLANG_WARN_NON_LITERAL_NULL_CONVERSION = YES;
				CLANG_WARN_OBJC_IMPLICIT_RETAIN_SELF = YES;
				CLANG_WARN_OBJC_LITERAL_CONVERSION = YES;
				CLANG_WARN_OBJC_ROOT_CLASS = YES_ERROR;
				CLANG_WARN_QUOTED_INCLUDE_IN_FRAMEWORK_HEADER = YES;
				CLANG_WARN_RANGE_LOOP_ANALYSIS = YES;
				CLANG_WARN_STRICT_PROTOTYPES = YES;
				CLANG_WARN_SUSPICIOUS_MOVE = YES;
				CLANG_WARN_UNGUARDED_AVAILABILITY = YES_AGGRESSIVE;
				CLANG_WARN_UNREACHABLE_CODE = YES;
				CLANG_WARN__DUPLICATE_METHOD_MATCH = YES;
				COPY_PHASE_STRIP = NO;
				DEBUG_INFORMATION_FORMAT = "dwarf-with-dsym";
				ENABLE_NS_ASSERTIONS = NO;
				ENABLE_STRICT_OBJC_MSGSEND = YES;
				ENABLE_USER_SCRIPT_SANDBOXING = YES;
				GCC_C_LANGUAGE_STANDARD = gnu17;
				GCC_NO_COMMON_BLOCKS = YES;
				GCC_WARN_64_TO_32_BIT_CONVERSION = YES;
				GCC_WARN_ABOUT_RETURN_TYPE = YES_ERROR;
				GCC_WARN_UNDECLARED_SELECTOR = YES;
				GCC_WARN_UNINITIALIZED_AUTOS = YES_AGGRESSIVE;
				GCC_WARN_UNUSED_FUNCTION = YES;
				GCC_WARN_UNUSED_VARIABLE = YES;
				IPHONEOS_DEPLOYMENT_TARGET = 17.4;
				LOCALIZATION_PREFERS_STRING_CATALOGS = YES;
				MTL_ENABLE_DEBUG_INFO = NO;
				MTL_FAST_MATH = YES;
				SDKROOT = iphoneos;
				SWIFT_COMPILATION_MODE = wholemodule;
				VALIDATE_PRODUCT = YES;
			};
			name = Release;
		};
		31C2BB3E2BDAAE46000ED8E4 /* Debug */ = {
			isa = XCBuildConfiguration;
			buildSettings = {
				ASSETCATALOG_COMPILER_APPICON_NAME = AppIcon;
				ASSETCATALOG_COMPILER_GLOBAL_ACCENT_COLOR_NAME = AccentColor;
				CODE_SIGN_STYLE = Automatic;
				CURRENT_PROJECT_VERSION = 1;
				DEVELOPMENT_ASSET_PATHS = "\"RickYMortySergio/Preview Content\"";
				DEVELOPMENT_TEAM = K95MR43ZL4;
				ENABLE_PREVIEWS = YES;
				GENERATE_INFOPLIST_FILE = YES;
				INFOPLIST_KEY_UIApplicationSceneManifest_Generation = YES;
				INFOPLIST_KEY_UIApplicationSupportsIndirectInputEvents = YES;
				INFOPLIST_KEY_UILaunchScreen_Generation = YES;
				INFOPLIST_KEY_UISupportedInterfaceOrientations_iPad = "UIInterfaceOrientationPortrait UIInterfaceOrientationPortraitUpsideDown UIInterfaceOrientationLandscapeLeft UIInterfaceOrientationLandscapeRight";
				INFOPLIST_KEY_UISupportedInterfaceOrientations_iPhone = "UIInterfaceOrientationPortrait UIInterfaceOrientationLandscapeLeft UIInterfaceOrientationLandscapeRight";
				LD_RUNPATH_SEARCH_PATHS = (
					"$(inherited)",
					"@executable_path/Frameworks",
				);
				MARKETING_VERSION = 1.0;
				PRODUCT_BUNDLE_IDENTIFIER = SergioCobosDev.RickYMortySergio;
				PRODUCT_NAME = "$(TARGET_NAME)";
				SWIFT_EMIT_LOC_STRINGS = YES;
				SWIFT_VERSION = 5.0;
				TARGETED_DEVICE_FAMILY = "1,2";
			};
			name = Debug;
		};
		31C2BB3F2BDAAE46000ED8E4 /* Release */ = {
			isa = XCBuildConfiguration;
			buildSettings = {
				ASSETCATALOG_COMPILER_APPICON_NAME = AppIcon;
				ASSETCATALOG_COMPILER_GLOBAL_ACCENT_COLOR_NAME = AccentColor;
				CODE_SIGN_STYLE = Automatic;
				CURRENT_PROJECT_VERSION = 1;
				DEVELOPMENT_ASSET_PATHS = "\"RickYMortySergio/Preview Content\"";
				DEVELOPMENT_TEAM = K95MR43ZL4;
				ENABLE_PREVIEWS = YES;
				GENERATE_INFOPLIST_FILE = YES;
				INFOPLIST_KEY_UIApplicationSceneManifest_Generation = YES;
				INFOPLIST_KEY_UIApplicationSupportsIndirectInputEvents = YES;
				INFOPLIST_KEY_UILaunchScreen_Generation = YES;
				INFOPLIST_KEY_UISupportedInterfaceOrientations_iPad = "UIInterfaceOrientationPortrait UIInterfaceOrientationPortraitUpsideDown UIInterfaceOrientationLandscapeLeft UIInterfaceOrientationLandscapeRight";
				INFOPLIST_KEY_UISupportedInterfaceOrientations_iPhone = "UIInterfaceOrientationPortrait UIInterfaceOrientationLandscapeLeft UIInterfaceOrientationLandscapeRight";
				LD_RUNPATH_SEARCH_PATHS = (
					"$(inherited)",
					"@executable_path/Frameworks",
				);
				MARKETING_VERSION = 1.0;
				PRODUCT_BUNDLE_IDENTIFIER = SergioCobosDev.RickYMortySergio;
				PRODUCT_NAME = "$(TARGET_NAME)";
				SWIFT_EMIT_LOC_STRINGS = YES;
				SWIFT_VERSION = 5.0;
				TARGETED_DEVICE_FAMILY = "1,2";
			};
			name = Release;
		};
		31C2BB412BDAAE46000ED8E4 /* Debug */ = {
			isa = XCBuildConfiguration;
			buildSettings = {
				ALWAYS_EMBED_SWIFT_STANDARD_LIBRARIES = YES;
				BUNDLE_LOADER = "$(TEST_HOST)";
				CODE_SIGN_STYLE = Automatic;
				CURRENT_PROJECT_VERSION = 1;
				DEVELOPMENT_TEAM = K95MR43ZL4;
				GENERATE_INFOPLIST_FILE = YES;
				IPHONEOS_DEPLOYMENT_TARGET = 17.4;
				MARKETING_VERSION = 1.0;
				PRODUCT_BUNDLE_IDENTIFIER = SergioCobosDev.RickYMortySergioTests;
				PRODUCT_NAME = "$(TARGET_NAME)";
				SWIFT_EMIT_LOC_STRINGS = NO;
				SWIFT_VERSION = 5.0;
				TARGETED_DEVICE_FAMILY = "1,2";
				TEST_HOST = "$(BUILT_PRODUCTS_DIR)/RickYMortySergio.app/$(BUNDLE_EXECUTABLE_FOLDER_PATH)/RickYMortySergio";
			};
			name = Debug;
		};
		31C2BB422BDAAE46000ED8E4 /* Release */ = {
			isa = XCBuildConfiguration;
			buildSettings = {
				ALWAYS_EMBED_SWIFT_STANDARD_LIBRARIES = YES;
				BUNDLE_LOADER = "$(TEST_HOST)";
				CODE_SIGN_STYLE = Automatic;
				CURRENT_PROJECT_VERSION = 1;
				DEVELOPMENT_TEAM = K95MR43ZL4;
				GENERATE_INFOPLIST_FILE = YES;
				IPHONEOS_DEPLOYMENT_TARGET = 17.4;
				MARKETING_VERSION = 1.0;
				PRODUCT_BUNDLE_IDENTIFIER = SergioCobosDev.RickYMortySergioTests;
				PRODUCT_NAME = "$(TARGET_NAME)";
				SWIFT_EMIT_LOC_STRINGS = NO;
				SWIFT_VERSION = 5.0;
				TARGETED_DEVICE_FAMILY = "1,2";
				TEST_HOST = "$(BUILT_PRODUCTS_DIR)/RickYMortySergio.app/$(BUNDLE_EXECUTABLE_FOLDER_PATH)/RickYMortySergio";
			};
			name = Release;
		};
		31C2BB442BDAAE46000ED8E4 /* Debug */ = {
			isa = XCBuildConfiguration;
			buildSettings = {
				ALWAYS_EMBED_SWIFT_STANDARD_LIBRARIES = YES;
				CODE_SIGN_STYLE = Automatic;
				CURRENT_PROJECT_VERSION = 1;
				DEVELOPMENT_TEAM = K95MR43ZL4;
				GENERATE_INFOPLIST_FILE = YES;
				MARKETING_VERSION = 1.0;
				PRODUCT_BUNDLE_IDENTIFIER = SergioCobosDev.RickYMortySergioUITests;
				PRODUCT_NAME = "$(TARGET_NAME)";
				SWIFT_EMIT_LOC_STRINGS = NO;
				SWIFT_VERSION = 5.0;
				TARGETED_DEVICE_FAMILY = "1,2";
				TEST_TARGET_NAME = RickYMortySergio;
			};
			name = Debug;
		};
		31C2BB452BDAAE46000ED8E4 /* Release */ = {
			isa = XCBuildConfiguration;
			buildSettings = {
				ALWAYS_EMBED_SWIFT_STANDARD_LIBRARIES = YES;
				CODE_SIGN_STYLE = Automatic;
				CURRENT_PROJECT_VERSION = 1;
				DEVELOPMENT_TEAM = K95MR43ZL4;
				GENERATE_INFOPLIST_FILE = YES;
				MARKETING_VERSION = 1.0;
				PRODUCT_BUNDLE_IDENTIFIER = SergioCobosDev.RickYMortySergioUITests;
				PRODUCT_NAME = "$(TARGET_NAME)";
				SWIFT_EMIT_LOC_STRINGS = NO;
				SWIFT_VERSION = 5.0;
				TARGETED_DEVICE_FAMILY = "1,2";
				TEST_TARGET_NAME = RickYMortySergio;
			};
			name = Release;
		};
/* End XCBuildConfiguration section */

/* Begin XCConfigurationList section */
		31C2BB142BDAAE44000ED8E4 /* Build configuration list for PBXProject "RickYMortySergio" */ = {
			isa = XCConfigurationList;
			buildConfigurations = (
				31C2BB3B2BDAAE46000ED8E4 /* Debug */,
				31C2BB3C2BDAAE46000ED8E4 /* Release */,
			);
			defaultConfigurationIsVisible = 0;
			defaultConfigurationName = Release;
		};
		31C2BB3D2BDAAE46000ED8E4 /* Build configuration list for PBXNativeTarget "RickYMortySergio" */ = {
			isa = XCConfigurationList;
			buildConfigurations = (
				31C2BB3E2BDAAE46000ED8E4 /* Debug */,
				31C2BB3F2BDAAE46000ED8E4 /* Release */,
			);
			defaultConfigurationIsVisible = 0;
			defaultConfigurationName = Release;
		};
		31C2BB402BDAAE46000ED8E4 /* Build configuration list for PBXNativeTarget "RickYMortySergioTests" */ = {
			isa = XCConfigurationList;
			buildConfigurations = (
				31C2BB412BDAAE46000ED8E4 /* Debug */,
				31C2BB422BDAAE46000ED8E4 /* Release */,
			);
			defaultConfigurationIsVisible = 0;
			defaultConfigurationName = Release;
		};
		31C2BB432BDAAE46000ED8E4 /* Build configuration list for PBXNativeTarget "RickYMortySergioUITests" */ = {
			isa = XCConfigurationList;
			buildConfigurations = (
				31C2BB442BDAAE46000ED8E4 /* Debug */,
				31C2BB452BDAAE46000ED8E4 /* Release */,
			);
			defaultConfigurationIsVisible = 0;
			defaultConfigurationName = Release;
		};
/* End XCConfigurationList section */
	};
	rootObject = 31C2BB112BDAAE44000ED8E4 /* Project object */;
}
